<?xml version="1.0" encoding="utf-8"?>
<Project ToolsVersion="4.0" xmlns="http://schemas.microsoft.com/developer/msbuild/2003">
  <ItemGroup>
    <Filter Include="kf">
      <UniqueIdentifier>{76785900-6204-880B-CBB2-880BB75D880B}</UniqueIdentifier>
    </Filter>
    <Filter Include="lua">
      <UniqueIdentifier>{C78D880B-3397-887C-BC12-9F7C281B947C}</UniqueIdentifier>
    </Filter>
  </ItemGroup>
  <ItemGroup>
    <ClInclude Include="CImg.h" />
    <ClInclude Include="kf\kf.h">
      <Filter>kf</Filter>
    </ClInclude>
    <ClInclude Include="kf\kf_algorithms.h">
      <Filter>kf</Filter>
    </ClInclude>
    <ClInclude Include="kf\kf_algorithms_2d.h">
      <Filter>kf</Filter>
    </ClInclude>
    <ClInclude Include="kf\kf_algorithms_3d.h">
      <Filter>kf</Filter>
    </ClInclude>
    <ClInclude Include="kf\kf_math.h">
      <Filter>kf</Filter>
    </ClInclude>
    <ClInclude Include="kf\kf_ray.h">
      <Filter>kf</Filter>
    </ClInclude>
    <ClInclude Include="kf\kf_types.h">
      <Filter>kf</Filter>
    </ClInclude>
    <ClInclude Include="kf\kf_vector.h">
      <Filter>kf</Filter>
    </ClInclude>
    <ClInclude Include="kf\kf_vector2.h">
      <Filter>kf</Filter>
    </ClInclude>
    <ClInclude Include="kf\kf_vector3.h">
      <Filter>kf</Filter>
    </ClInclude>
    <ClInclude Include="kf\kf_vector4.h">
      <Filter>kf</Filter>
    </ClInclude>
    <ClInclude Include="lua\lauxlib.h">
      <Filter>lua</Filter>
    </ClInclude>
    <ClInclude Include="lua\lua.h">
      <Filter>lua</Filter>
    </ClInclude>
    <ClInclude Include="lua\luaconf.h">
      <Filter>lua</Filter>
    </ClInclude>
    <ClInclude Include="lua\luajit.h">
      <Filter>lua</Filter>
    </ClInclude>
    <ClInclude Include="lua\lualib.h">
      <Filter>lua</Filter>
    </ClInclude>
    <ClInclude Include="main.h" />
  </ItemGroup>
  <ItemGroup>
    <ClCompile Include="main.cpp" />
  </ItemGroup>
</Project>